
Microsoft Visual Studio Solution File, Format Version 12.00
# Visual Studio 14
VisualStudioVersion = 14.0.22823.1
MinimumVisualStudioVersion = 10.0.40219.1
Project("{8BB2217D-0F2D-49D1-97BC-3654ED321F3B}") = "AuthServerNet5Identity", "src\AuthServerNet5Identity\AuthServerNet5Identity.xproj", "{FCC38E9E-620B-4E11-94EB-375BC1BC1047}"
EndProject
Project("{8BB2217D-0F2D-49D1-97BC-3654ED321F3B}") = "MvcClient", "src\MvcClient\MvcClient.xproj", "{5DE2810C-96EF-41EC-A7BD-949E3D76D2D8}"
EndProject
Global
	GlobalSection(SolutionConfigurationPlatforms) = preSolution
		Debug|Any CPU = Debug|Any CPU
		Release|Any CPU = Release|Any CPU
	EndGlobalSection
	GlobalSection(ProjectConfigurationPlatforms) = postSolution
		{FCC38E9E-620B-4E11-94EB-375BC1BC1047}.Debug|Any CPU.ActiveCfg = Debug|Any CPU
		{FCC38E9E-620B-4E11-94EB-375BC1BC1047}.Debug|Any CPU.Build.0 = Debug|Any CPU
		{FCC38E9E-620B-4E11-94EB-375BC1BC1047}.Release|Any CPU.ActiveCfg = Release|Any CPU
		{FCC38E9E-620B-4E11-94EB-375BC1BC1047}.Release|Any CPU.Build.0 = Release|Any CPU
		{5DE2810C-96EF-41EC-A7BD-949E3D76D2D8}.Debug|Any CPU.ActiveCfg = Debug|Any CPU
		{5DE2810C-96EF-41EC-A7BD-949E3D76D2D8}.Debug|Any CPU.Build.0 = Debug|Any CPU
		{5DE2810C-96EF-41EC-A7BD-949E3D76D2D8}.Release|Any CPU.ActiveCfg = Release|Any CPU
		{5DE2810C-96EF-41EC-A7BD-949E3D76D2D8}.Release|Any CPU.Build.0 = Release|Any CPU
	EndGlobalSection
	GlobalSection(SolutionProperties) = preSolution
		HideSolutionNode = FALSE
	EndGlobalSection
EndGlobal
